
Microsoft Visual Studio Solution File, Format Version 12.00
# Visual Studio Version 17
VisualStudioVersion = 17.7.34024.191
MinimumVisualStudioVersion = 10.0.40219.1
Project("{FAE04EC0-301F-11D3-BF4B-00C04F79EFBC}") = "Application", "Application\Application.csproj", "{DE5A703C-9D02-4365-8155-E6BB22FF6464}"
EndProject
Global
	GlobalSection(SolutionConfigurationPlatforms) = preSolution
		Debug|Any CPU = Debug|Any CPU
		Release|Any CPU = Release|Any CPU
	EndGlobalSection
	GlobalSection(ProjectConfigurationPlatforms) = postSolution
		{DE5A703C-9D02-4365-8155-E6BB22FF6464}.Debug|Any CPU.ActiveCfg = Debug|Any CPU
		{DE5A703C-9D02-4365-8155-E6BB22FF6464}.Debug|Any CPU.Build.0 = Debug|Any CPU
		{DE5A703C-9D02-4365-8155-E6BB22FF6464}.Release|Any CPU.ActiveCfg = Release|Any CPU
		{DE5A703C-9D02-4365-8155-E6BB22FF6464}.Release|Any CPU.Build.0 = Release|Any CPU
	EndGlobalSection
	GlobalSection(SolutionProperties) = preSolution
		HideSolutionNode = FALSE
	EndGlobalSection
	GlobalSection(ExtensibilityGlobals) = postSolution
		SolutionGuid = {12C0EBC7-28F3-44E9-8760-6596150F6B6F}
	EndGlobalSection
EndGlobal
